
Microsoft Visual Studio Solution File, Format Version 12.00
# Visual Studio Version 16
VisualStudioVersion = 16.0.35425.106
MinimumVisualStudioVersion = 10.0.40219.1
Project("{FAE04EC0-301F-11D3-BF4B-00C04F79EFBC}") = "DataAccessLayer", "DataAccessLayer\DataAccessLayer.csproj", "{013FD12F-FF1C-4FA8-BC3F-1EA4C13CE142}"
EndProject
Project("{FAE04EC0-301F-11D3-BF4B-00C04F79EFBC}") = "Repositories", "Repositories\Repositories.csproj", "{526ECEFB-E27C-42F7-B165-6D6541070569}"
EndProject
Project("{FAE04EC0-301F-11D3-BF4B-00C04F79EFBC}") = "Services", "Services\Services.csproj", "{D0F4F39D-CDD2-4D1B-B0D6-6B9A75AD7A3E}"
EndProject
Project("{FAE04EC0-301F-11D3-BF4B-00C04F79EFBC}") = "ProductManagement", "ProductManagement\ProductManagement.csproj", "{AA531C26-4A67-4159-8B18-3DE3E43C93FE}"
EndProject
Project("{FAE04EC0-301F-11D3-BF4B-00C04F79EFBC}") = "BussinessObject", "BussinessObject\BussinessObject.csproj", "{C36F7BBE-9B16-487A-89BC-C9817AFA42E1}"
EndProject
Global
	GlobalSection(SolutionConfigurationPlatforms) = preSolution
		Debug|Any CPU = Debug|Any CPU
		Release|Any CPU = Release|Any CPU
	EndGlobalSection
	GlobalSection(ProjectConfigurationPlatforms) = postSolution
		{013FD12F-FF1C-4FA8-BC3F-1EA4C13CE142}.Debug|Any CPU.ActiveCfg = Debug|Any CPU
		{013FD12F-FF1C-4FA8-BC3F-1EA4C13CE142}.Debug|Any CPU.Build.0 = Debug|Any CPU
		{013FD12F-FF1C-4FA8-BC3F-1EA4C13CE142}.Release|Any CPU.ActiveCfg = Release|Any CPU
		{013FD12F-FF1C-4FA8-BC3F-1EA4C13CE142}.Release|Any CPU.Build.0 = Release|Any CPU
		{526ECEFB-E27C-42F7-B165-6D6541070569}.Debug|Any CPU.ActiveCfg = Debug|Any CPU
		{526ECEFB-E27C-42F7-B165-6D6541070569}.Debug|Any CPU.Build.0 = Debug|Any CPU
		{526ECEFB-E27C-42F7-B165-6D6541070569}.Release|Any CPU.ActiveCfg = Release|Any CPU
		{526ECEFB-E27C-42F7-B165-6D6541070569}.Release|Any CPU.Build.0 = Release|Any CPU
		{D0F4F39D-CDD2-4D1B-B0D6-6B9A75AD7A3E}.Debug|Any CPU.ActiveCfg = Debug|Any CPU
		{D0F4F39D-CDD2-4D1B-B0D6-6B9A75AD7A3E}.Debug|Any CPU.Build.0 = Debug|Any CPU
		{D0F4F39D-CDD2-4D1B-B0D6-6B9A75AD7A3E}.Release|Any CPU.ActiveCfg = Release|Any CPU
		{D0F4F39D-CDD2-4D1B-B0D6-6B9A75AD7A3E}.Release|Any CPU.Build.0 = Release|Any CPU
		{AA531C26-4A67-4159-8B18-3DE3E43C93FE}.Debug|Any CPU.ActiveCfg = Debug|Any CPU
		{AA531C26-4A67-4159-8B18-3DE3E43C93FE}.Debug|Any CPU.Build.0 = Debug|Any CPU
		{AA531C26-4A67-4159-8B18-3DE3E43C93FE}.Release|Any CPU.ActiveCfg = Release|Any CPU
		{AA531C26-4A67-4159-8B18-3DE3E43C93FE}.Release|Any CPU.Build.0 = Release|Any CPU
		{C36F7BBE-9B16-487A-89BC-C9817AFA42E1}.Debug|Any CPU.ActiveCfg = Debug|Any CPU
		{C36F7BBE-9B16-487A-89BC-C9817AFA42E1}.Debug|Any CPU.Build.0 = Debug|Any CPU
		{C36F7BBE-9B16-487A-89BC-C9817AFA42E1}.Release|Any CPU.ActiveCfg = Release|Any CPU
		{C36F7BBE-9B16-487A-89BC-C9817AFA42E1}.Release|Any CPU.Build.0 = Release|Any CPU
	EndGlobalSection
	GlobalSection(SolutionProperties) = preSolution
		HideSolutionNode = FALSE
	EndGlobalSection
	GlobalSection(ExtensibilityGlobals) = postSolution
		SolutionGuid = {929BCE21-AEF5-4B36-8462-84E2A00CAC6F}
	EndGlobalSection
EndGlobal
