
Microsoft Visual Studio Solution File, Format Version 12.00
# Visual Studio Version 17
VisualStudioVersion = 17.13.35931.197 d17.13
MinimumVisualStudioVersion = 10.0.40219.1
Project("{FAE04EC0-301F-11D3-BF4B-00C04F79EFBC}") = "BussinessObject", "BussinessObject\BussinessObject.csproj", "{AF01DF32-0130-4825-94B8-7CDB06464A66}"
EndProject
Project("{FAE04EC0-301F-11D3-BF4B-00C04F79EFBC}") = "DataAccessLayer", "DataAccessLayer\DataAccessLayer.csproj", "{013FD12F-FF1C-4FA8-BC3F-1EA4C13CE142}"
EndProject
Project("{FAE04EC0-301F-11D3-BF4B-00C04F79EFBC}") = "Repositories", "Repositories\Repositories.csproj", "{526ECEFB-E27C-42F7-B165-6D6541070569}"
EndProject
Global
	GlobalSection(SolutionConfigurationPlatforms) = preSolution
		Debug|Any CPU = Debug|Any CPU
		Release|Any CPU = Release|Any CPU
	EndGlobalSection
	GlobalSection(ProjectConfigurationPlatforms) = postSolution
		{AF01DF32-0130-4825-94B8-7CDB06464A66}.Debug|Any CPU.ActiveCfg = Debug|Any CPU
		{AF01DF32-0130-4825-94B8-7CDB06464A66}.Debug|Any CPU.Build.0 = Debug|Any CPU
		{AF01DF32-0130-4825-94B8-7CDB06464A66}.Release|Any CPU.ActiveCfg = Release|Any CPU
		{AF01DF32-0130-4825-94B8-7CDB06464A66}.Release|Any CPU.Build.0 = Release|Any CPU
		{013FD12F-FF1C-4FA8-BC3F-1EA4C13CE142}.Debug|Any CPU.ActiveCfg = Debug|Any CPU
		{013FD12F-FF1C-4FA8-BC3F-1EA4C13CE142}.Debug|Any CPU.Build.0 = Debug|Any CPU
		{013FD12F-FF1C-4FA8-BC3F-1EA4C13CE142}.Release|Any CPU.ActiveCfg = Release|Any CPU
		{013FD12F-FF1C-4FA8-BC3F-1EA4C13CE142}.Release|Any CPU.Build.0 = Release|Any CPU
		{526ECEFB-E27C-42F7-B165-6D6541070569}.Debug|Any CPU.ActiveCfg = Debug|Any CPU
		{526ECEFB-E27C-42F7-B165-6D6541070569}.Debug|Any CPU.Build.0 = Debug|Any CPU
		{526ECEFB-E27C-42F7-B165-6D6541070569}.Release|Any CPU.ActiveCfg = Release|Any CPU
		{526ECEFB-E27C-42F7-B165-6D6541070569}.Release|Any CPU.Build.0 = Release|Any CPU
	EndGlobalSection
	GlobalSection(SolutionProperties) = preSolution
		HideSolutionNode = FALSE
	EndGlobalSection
	GlobalSection(ExtensibilityGlobals) = postSolution
		SolutionGuid = {929BCE21-AEF5-4B36-8462-84E2A00CAC6F}
	EndGlobalSection
EndGlobal
